// !$*UTF8*$!
{
	archiveVersion = 1;
	classes = {
	};
	objectVersion = 55;
	objects = {

/* Begin PBXBuildFile section */
		930C2BFF278E27E7009B111C /* AppDelegate.swift in Sources */ = {isa = PBXBuildFile; fileRef = 930C2BFE278E27E7009B111C /* AppDelegate.swift */; };
		930C2C01278E27E7009B111C /* SceneDelegate.swift in Sources */ = {isa = PBXBuildFile; fileRef = 930C2C00278E27E7009B111C /* SceneDelegate.swift */; };
		930C2C03278E27E7009B111C /* ViewController.swift in Sources */ = {isa = PBXBuildFile; fileRef = 930C2C02278E27E7009B111C /* ViewController.swift */; };
		930C2C06278E27E7009B111C /* Main.storyboard in Resources */ = {isa = PBXBuildFile; fileRef = 930C2C04278E27E7009B111C /* Main.storyboard */; };
		930C2C08278E27E9009B111C /* Assets.xcassets in Resources */ = {isa = PBXBuildFile; fileRef = 930C2C07278E27E9009B111C /* Assets.xcassets */; };
		930C2C0B278E27E9009B111C /* LaunchScreen.storyboard in Resources */ = {isa = PBXBuildFile; fileRef = 930C2C09278E27E9009B111C /* LaunchScreen.storyboard */; };
		930C2C13278E28DE009B111C /* Solver.swift in Sources */ = {isa = PBXBuildFile; fileRef = 930C2C12278E28DE009B111C /* Solver.swift */; };
		930C2C24278E3375009B111C /* words.wordle.txt in Resources */ = {isa = PBXBuildFile; fileRef = 930C2C23278E3375009B111C /* words.wordle.txt */; };
		930F91762CAF1B9B003D3C9A /* WordlerGet.swift in Sources */ = {isa = PBXBuildFile; fileRef = 930F91752CAF1B9B003D3C9A /* WordlerGet.swift */; };
		9336BA5C2E7E3E4700A252A0 /* ConsoleViewTestCase.swift in Sources */ = {isa = PBXBuildFile; fileRef = 9336BA5B2E7E3E4700A252A0 /* ConsoleViewTestCase.swift */; };
		9336BA5E2E7E3E8C00A252A0 /* FrameworkTestSupport in Frameworks */ = {isa = PBXBuildFile; productRef = 9336BA5D2E7E3E8C00A252A0 /* FrameworkTestSupport */; };
		9336BA602E7E3F7600A252A0 /* TODO.swift in Sources */ = {isa = PBXBuildFile; fileRef = 9336BA5F2E7E3F7300A252A0 /* TODO.swift */; };
		9344DE332A7C2D1700E4D8CE /* ProgressIndicator.xib in Resources */ = {isa = PBXBuildFile; fileRef = 9344DE322A7C2D1600E4D8CE /* ProgressIndicator.xib */; };
		9344DE352A7C2DE100E4D8CE /* ProgressIndicator.swift in Sources */ = {isa = PBXBuildFile; fileRef = 9344DE342A7C2DE100E4D8CE /* ProgressIndicator.swift */; };
		9376B9C62BF5225200695BF7 /* Answer.swift in Sources */ = {isa = PBXBuildFile; fileRef = 9376B9C52BF5225200695BF7 /* Answer.swift */; };
		93A1B92B2CB10556007472B1 /* Argument.swift in Sources */ = {isa = PBXBuildFile; fileRef = 93A1B92A2CB10553007472B1 /* Argument.swift */; };
		93A1B9312CB73C9C007472B1 /* WordlerDict.swift in Sources */ = {isa = PBXBuildFile; fileRef = 93A1B9302CB73C98007472B1 /* WordlerDict.swift */; };
		93AF8B812D0CE4DC007BF3BD /* CommandOutput.swift in Sources */ = {isa = PBXBuildFile; fileRef = 93AF8B802D0CE4DC007BF3BD /* CommandOutput.swift */; };
		93AF8B832D0D81A1007BF3BD /* UIColor.swift in Sources */ = {isa = PBXBuildFile; fileRef = 93AF8B822D0D81A1007BF3BD /* UIColor.swift */; };
		93CB48032799FD0700A5CD8F /* Configs.swift in Sources */ = {isa = PBXBuildFile; fileRef = 93CB47FF2799FD0400A5CD8F /* Configs.swift */; };
		93CEF95E28E83F6E009C1A07 /* APNUtil in Frameworks */ = {isa = PBXBuildFile; productRef = 93CEF95D28E83F6E009C1A07 /* APNUtil */; };
		93D225CD2E83505400A1C4DB /* KeyboardResizeHandler.swift in Sources */ = {isa = PBXBuildFile; fileRef = 93D225CC2E83505400A1C4DB /* KeyboardResizeHandler.swift */; };
		93D882992BF033400087C924 /* words.wordle.remembered.answers.txt in Resources */ = {isa = PBXBuildFile; fileRef = 93D882982BF033400087C924 /* words.wordle.remembered.answers.txt */; };
		93DDF2052CA5E5FE005D3C3C /* WordlerRecap.swift in Sources */ = {isa = PBXBuildFile; fileRef = 93DDF2042CA5E5FD005D3C3C /* WordlerRecap.swift */; };
		93DDF2072CA5EA7A005D3C3C /* WordlerAdd.swift in Sources */ = {isa = PBXBuildFile; fileRef = 93DDF2062CA5EA7A005D3C3C /* WordlerAdd.swift */; };
		93DDF2092CA5EB7B005D3C3C /* WordlerLast.swift in Sources */ = {isa = PBXBuildFile; fileRef = 93DDF2082CA5EB7B005D3C3C /* WordlerLast.swift */; };
		93DDF20B2CA636B1005D3C3C /* WordlerRem.swift in Sources */ = {isa = PBXBuildFile; fileRef = 93DDF20A2CA636B1005D3C3C /* WordlerRem.swift */; };
		93DDF20D2CA6388A005D3C3C /* WordlerCSV.swift in Sources */ = {isa = PBXBuildFile; fileRef = 93DDF20C2CA6388A005D3C3C /* WordlerCSV.swift */; };
		93DDF20F2CA6393E005D3C3C /* WordlerDel.swift in Sources */ = {isa = PBXBuildFile; fileRef = 93DDF20E2CA6393E005D3C3C /* WordlerDel.swift */; };
		93DDF2112CA639E6005D3C3C /* WordlerNuke.swift in Sources */ = {isa = PBXBuildFile; fileRef = 93DDF2102CA639E6005D3C3C /* WordlerNuke.swift */; };
		93DDF2132CA63E8C005D3C3C /* WordlerConsoleConfigurator.swift in Sources */ = {isa = PBXBuildFile; fileRef = 93DDF2122CA63E8C005D3C3C /* WordlerConsoleConfigurator.swift */; };
		93DEECFB2C5343AB00473587 /* ConsoleView in Frameworks */ = {isa = PBXBuildFile; productRef = 93DEECFA2C5343AB00473587 /* ConsoleView */; };
		93DF7636278FDABD001234EC /* Configs.swift in Sources */ = {isa = PBXBuildFile; fileRef = 93DF7635278FDABD001234EC /* Configs.swift */; };
		93DF763A2790A9C8001234EC /* WordleButton.swift in Sources */ = {isa = PBXBuildFile; fileRef = 93DF76392790A9C8001234EC /* WordleButton.swift */; };
		93DF765B27974732001234EC /* WordlerTests.swift in Sources */ = {isa = PBXBuildFile; fileRef = 93DF764C27973B90001234EC /* WordlerTests.swift */; };
/* End PBXBuildFile section */

/* Begin PBXContainerItemProxy section */
		93DF764E27973B90001234EC /* PBXContainerItemProxy */ = {
			isa = PBXContainerItemProxy;
			containerPortal = 930C2BF3278E27E7009B111C /* Project object */;
			proxyType = 1;
			remoteGlobalIDString = 930C2BFA278E27E7009B111C;
			remoteInfo = Wordler;
		};
/* End PBXContainerItemProxy section */

/* Begin PBXCopyFilesBuildPhase section */
		930C2C32278EAD19009B111C /* Embed Frameworks */ = {
			isa = PBXCopyFilesBuildPhase;
			buildActionMask = 2147483647;
			dstPath = "";
			dstSubfolderSpec = 10;
			files = (
			);
			name = "Embed Frameworks";
			runOnlyForDeploymentPostprocessing = 0;
		};
/* End PBXCopyFilesBuildPhase section */

/* Begin PBXFileReference section */
		930B96B029B10779000546DD /* ReadMe.txt */ = {isa = PBXFileReference; lastKnownFileType = text; path = ReadMe.txt; sourceTree = "<group>"; };
		930C2BFB278E27E7009B111C /* Wordler.app */ = {isa = PBXFileReference; explicitFileType = wrapper.application; includeInIndex = 0; path = Wordler.app; sourceTree = BUILT_PRODUCTS_DIR; };
		930C2BFE278E27E7009B111C /* AppDelegate.swift */ = {isa = PBXFileReference; lastKnownFileType = sourcecode.swift; path = AppDelegate.swift; sourceTree = "<group>"; };
		930C2C00278E27E7009B111C /* SceneDelegate.swift */ = {isa = PBXFileReference; lastKnownFileType = sourcecode.swift; path = SceneDelegate.swift; sourceTree = "<group>"; };
		930C2C02278E27E7009B111C /* ViewController.swift */ = {isa = PBXFileReference; lastKnownFileType = sourcecode.swift; path = ViewController.swift; sourceTree = "<group>"; };
		930C2C05278E27E7009B111C /* Base */ = {isa = PBXFileReference; lastKnownFileType = file.storyboard; name = Base; path = Base.lproj/Main.storyboard; sourceTree = "<group>"; };
		930C2C07278E27E9009B111C /* Assets.xcassets */ = {isa = PBXFileReference; lastKnownFileType = folder.assetcatalog; path = Assets.xcassets; sourceTree = "<group>"; };
		930C2C0A278E27E9009B111C /* Base */ = {isa = PBXFileReference; lastKnownFileType = file.storyboard; name = Base; path = Base.lproj/LaunchScreen.storyboard; sourceTree = "<group>"; };
		930C2C0C278E27E9009B111C /* Info.plist */ = {isa = PBXFileReference; lastKnownFileType = text.plist.xml; path = Info.plist; sourceTree = "<group>"; };
		930C2C12278E28DE009B111C /* Solver.swift */ = {isa = PBXFileReference; lastKnownFileType = sourcecode.swift; path = Solver.swift; sourceTree = "<group>"; };
		930C2C23278E3375009B111C /* words.wordle.txt */ = {isa = PBXFileReference; fileEncoding = 4; lastKnownFileType = text; path = words.wordle.txt; sourceTree = "<group>"; };
		930F91752CAF1B9B003D3C9A /* WordlerGet.swift */ = {isa = PBXFileReference; lastKnownFileType = sourcecode.swift; path = WordlerGet.swift; sourceTree = "<group>"; };
		9336BA5B2E7E3E4700A252A0 /* ConsoleViewTestCase.swift */ = {isa = PBXFileReference; lastKnownFileType = sourcecode.swift; path = ConsoleViewTestCase.swift; sourceTree = "<group>"; };
		9336BA5F2E7E3F7300A252A0 /* TODO.swift */ = {isa = PBXFileReference; lastKnownFileType = sourcecode.swift; path = TODO.swift; sourceTree = "<group>"; };
		9344DE322A7C2D1600E4D8CE /* ProgressIndicator.xib */ = {isa = PBXFileReference; lastKnownFileType = file.xib; path = ProgressIndicator.xib; sourceTree = "<group>"; };
		9344DE342A7C2DE100E4D8CE /* ProgressIndicator.swift */ = {isa = PBXFileReference; lastKnownFileType = sourcecode.swift; path = ProgressIndicator.swift; sourceTree = "<group>"; };
		9376B9C52BF5225200695BF7 /* Answer.swift */ = {isa = PBXFileReference; lastKnownFileType = sourcecode.swift; path = Answer.swift; sourceTree = "<group>"; };
		93A1B92A2CB10553007472B1 /* Argument.swift */ = {isa = PBXFileReference; lastKnownFileType = sourcecode.swift; path = Argument.swift; sourceTree = "<group>"; };
		93A1B9302CB73C98007472B1 /* WordlerDict.swift */ = {isa = PBXFileReference; lastKnownFileType = sourcecode.swift; path = WordlerDict.swift; sourceTree = "<group>"; };
		93AF8B802D0CE4DC007BF3BD /* CommandOutput.swift */ = {isa = PBXFileReference; lastKnownFileType = sourcecode.swift; path = CommandOutput.swift; sourceTree = "<group>"; };
		93AF8B822D0D81A1007BF3BD /* UIColor.swift */ = {isa = PBXFileReference; lastKnownFileType = sourcecode.swift; path = UIColor.swift; sourceTree = "<group>"; };
		93CB47FF2799FD0400A5CD8F /* Configs.swift */ = {isa = PBXFileReference; fileEncoding = 4; lastKnownFileType = sourcecode.swift; path = Configs.swift; sourceTree = "<group>"; };
		93CEF95C28E83F57009C1A07 /* APNUtil */ = {isa = PBXFileReference; lastKnownFileType = wrapper; name = APNUtil; path = ../Frameworks/APNUtil; sourceTree = "<group>"; };
		93D225CC2E83505400A1C4DB /* KeyboardResizeHandler.swift */ = {isa = PBXFileReference; lastKnownFileType = sourcecode.swift; path = KeyboardResizeHandler.swift; sourceTree = "<group>"; };
		93D882982BF033400087C924 /* words.wordle.remembered.answers.txt */ = {isa = PBXFileReference; lastKnownFileType = text; path = words.wordle.remembered.answers.txt; sourceTree = "<group>"; };
		93DDF2042CA5E5FD005D3C3C /* WordlerRecap.swift */ = {isa = PBXFileReference; lastKnownFileType = sourcecode.swift; path = WordlerRecap.swift; sourceTree = "<group>"; };
		93DDF2062CA5EA7A005D3C3C /* WordlerAdd.swift */ = {isa = PBXFileReference; lastKnownFileType = sourcecode.swift; path = WordlerAdd.swift; sourceTree = "<group>"; };
		93DDF2082CA5EB7B005D3C3C /* WordlerLast.swift */ = {isa = PBXFileReference; lastKnownFileType = sourcecode.swift; path = WordlerLast.swift; sourceTree = "<group>"; };
		93DDF20A2CA636B1005D3C3C /* WordlerRem.swift */ = {isa = PBXFileReference; lastKnownFileType = sourcecode.swift; path = WordlerRem.swift; sourceTree = "<group>"; };
		93DDF20C2CA6388A005D3C3C /* WordlerCSV.swift */ = {isa = PBXFileReference; lastKnownFileType = sourcecode.swift; path = WordlerCSV.swift; sourceTree = "<group>"; };
		93DDF20E2CA6393E005D3C3C /* WordlerDel.swift */ = {isa = PBXFileReference; lastKnownFileType = sourcecode.swift; path = WordlerDel.swift; sourceTree = "<group>"; };
		93DDF2102CA639E6005D3C3C /* WordlerNuke.swift */ = {isa = PBXFileReference; lastKnownFileType = sourcecode.swift; path = WordlerNuke.swift; sourceTree = "<group>"; };
		93DDF2122CA63E8C005D3C3C /* WordlerConsoleConfigurator.swift */ = {isa = PBXFileReference; fileEncoding = 4; lastKnownFileType = sourcecode.swift; path = WordlerConsoleConfigurator.swift; sourceTree = "<group>"; };
		93DF7635278FDABD001234EC /* Configs.swift */ = {isa = PBXFileReference; lastKnownFileType = sourcecode.swift; path = Configs.swift; sourceTree = "<group>"; };
		93DF76392790A9C8001234EC /* WordleButton.swift */ = {isa = PBXFileReference; lastKnownFileType = sourcecode.swift; path = WordleButton.swift; sourceTree = "<group>"; };
		93DF764A27973B90001234EC /* WordlerTests.xctest */ = {isa = PBXFileReference; explicitFileType = wrapper.cfbundle; includeInIndex = 0; path = WordlerTests.xctest; sourceTree = BUILT_PRODUCTS_DIR; };
		93DF764C27973B90001234EC /* WordlerTests.swift */ = {isa = PBXFileReference; lastKnownFileType = sourcecode.swift; path = WordlerTests.swift; sourceTree = "<group>"; };
/* End PBXFileReference section */

/* Begin PBXFrameworksBuildPhase section */
		930C2BF8278E27E7009B111C /* Frameworks */ = {
			isa = PBXFrameworksBuildPhase;
			buildActionMask = 2147483647;
			files = (
				93CEF95E28E83F6E009C1A07 /* APNUtil in Frameworks */,
				93DEECFB2C5343AB00473587 /* ConsoleView in Frameworks */,
			);
			runOnlyForDeploymentPostprocessing = 0;
		};
		93DF764727973B90001234EC /* Frameworks */ = {
			isa = PBXFrameworksBuildPhase;
			buildActionMask = 2147483647;
			files = (
				9336BA5E2E7E3E8C00A252A0 /* FrameworkTestSupport in Frameworks */,
			);
			runOnlyForDeploymentPostprocessing = 0;
		};
/* End PBXFrameworksBuildPhase section */

/* Begin PBXGroup section */
		930C2BF2278E27E7009B111C = {
			isa = PBXGroup;
			children = (
				93CEF95B28E83F57009C1A07 /* Packages */,
				930C2BFD278E27E7009B111C /* Wordler */,
				93DF764B27973B90001234EC /* WordlerTests */,
				930C2BFC278E27E7009B111C /* Products */,
				930C2C2F278EAD19009B111C /* Frameworks */,
			);
			sourceTree = "<group>";
		};
		930C2BFC278E27E7009B111C /* Products */ = {
			isa = PBXGroup;
			children = (
				930C2BFB278E27E7009B111C /* Wordler.app */,
				93DF764A27973B90001234EC /* WordlerTests.xctest */,
			);
			name = Products;
			sourceTree = "<group>";
		};
		930C2BFD278E27E7009B111C /* Wordler */ = {
			isa = PBXGroup;
			children = (
				9336BA5F2E7E3F7300A252A0 /* TODO.swift */,
				930C2C16278E28F3009B111C /* M */,
				930C2C15278E28EB009B111C /* V */,
				930C2C14278E28E5009B111C /* C */,
				930C2C17278E2906009B111C /* Resources */,
				93AF8B7E2D0CE4B0007BF3BD /* Supporting Files */,
			);
			path = Wordler;
			sourceTree = "<group>";
		};
		930C2C14278E28E5009B111C /* C */ = {
			isa = PBXGroup;
			children = (
				93D225CC2E83505400A1C4DB /* KeyboardResizeHandler.swift */,
				93CB48042799FF1B00A5CD8F /* iOS */,
				93DDF2022CA5E4C8005D3C3C /* Console */,
				930C2C12278E28DE009B111C /* Solver.swift */,
			);
			name = C;
			sourceTree = "<group>";
		};
		930C2C15278E28EB009B111C /* V */ = {
			isa = PBXGroup;
			children = (
				93CB48062799FF4900A5CD8F /* iOS */,
				93DF76392790A9C8001234EC /* WordleButton.swift */,
				9344DE322A7C2D1600E4D8CE /* ProgressIndicator.xib */,
				9344DE342A7C2DE100E4D8CE /* ProgressIndicator.swift */,
			);
			name = V;
			sourceTree = "<group>";
		};
		930C2C16278E28F3009B111C /* M */ = {
			isa = PBXGroup;
			children = (
				9376B9C52BF5225200695BF7 /* Answer.swift */,
			);
			name = M;
			sourceTree = "<group>";
		};
		930C2C17278E2906009B111C /* Resources */ = {
			isa = PBXGroup;
			children = (
				93A8EF9429D492A400052D79 /* Words */,
				93CB48052799FF3300A5CD8F /* iOS */,
				930C2C07278E27E9009B111C /* Assets.xcassets */,
				93DF7635278FDABD001234EC /* Configs.swift */,
			);
			name = Resources;
			sourceTree = "<group>";
		};
		930C2C2F278EAD19009B111C /* Frameworks */ = {
			isa = PBXGroup;
			children = (
			);
			name = Frameworks;
			sourceTree = "<group>";
		};
		93A8EF9429D492A400052D79 /* Words */ = {
			isa = PBXGroup;
			children = (
				930B96B029B10779000546DD /* ReadMe.txt */,
				930C2C23278E3375009B111C /* words.wordle.txt */,
				93D882982BF033400087C924 /* words.wordle.remembered.answers.txt */,
			);
			name = Words;
			sourceTree = "<group>";
		};
		93AF8B7E2D0CE4B0007BF3BD /* Supporting Files */ = {
			isa = PBXGroup;
			children = (
				93AF8B7F2D0CE4C7007BF3BD /* Extensions */,
			);
			path = "Supporting Files";
			sourceTree = "<group>";
		};
		93AF8B7F2D0CE4C7007BF3BD /* Extensions */ = {
			isa = PBXGroup;
			children = (
				93AF8B822D0D81A1007BF3BD /* UIColor.swift */,
				93AF8B802D0CE4DC007BF3BD /* CommandOutput.swift */,
			);
			path = Extensions;
			sourceTree = "<group>";
		};
		93CB48042799FF1B00A5CD8F /* iOS */ = {
			isa = PBXGroup;
			children = (
				930C2BFE278E27E7009B111C /* AppDelegate.swift */,
				930C2C00278E27E7009B111C /* SceneDelegate.swift */,
				930C2C02278E27E7009B111C /* ViewController.swift */,
			);
			name = iOS;
			sourceTree = "<group>";
		};
		93CB48052799FF3300A5CD8F /* iOS */ = {
			isa = PBXGroup;
			children = (
				930C2C0C278E27E9009B111C /* Info.plist */,
			);
			name = iOS;
			sourceTree = "<group>";
		};
		93CB48062799FF4900A5CD8F /* iOS */ = {
			isa = PBXGroup;
			children = (
				930C2C04278E27E7009B111C /* Main.storyboard */,
				930C2C09278E27E9009B111C /* LaunchScreen.storyboard */,
			);
			name = iOS;
			sourceTree = "<group>";
		};
		93CEF95B28E83F57009C1A07 /* Packages */ = {
			isa = PBXGroup;
			children = (
				93CEF95C28E83F57009C1A07 /* APNUtil */,
			);
			name = Packages;
			sourceTree = "<group>";
		};
		93DDF2022CA5E4C8005D3C3C /* Console */ = {
			isa = PBXGroup;
			children = (
				93A1B92A2CB10553007472B1 /* Argument.swift */,
				93DDF2032CA5E5C0005D3C3C /* Commands */,
				93DDF2122CA63E8C005D3C3C /* WordlerConsoleConfigurator.swift */,
			);
			path = Console;
			sourceTree = "<group>";
		};
		93DDF2032CA5E5C0005D3C3C /* Commands */ = {
			isa = PBXGroup;
			children = (
				93A1B9302CB73C98007472B1 /* WordlerDict.swift */,
				93DDF2062CA5EA7A005D3C3C /* WordlerAdd.swift */,
				93DDF2042CA5E5FD005D3C3C /* WordlerRecap.swift */,
				93DDF2082CA5EB7B005D3C3C /* WordlerLast.swift */,
				93DDF20A2CA636B1005D3C3C /* WordlerRem.swift */,
				93DDF20C2CA6388A005D3C3C /* WordlerCSV.swift */,
				93DDF20E2CA6393E005D3C3C /* WordlerDel.swift */,
				93DDF2102CA639E6005D3C3C /* WordlerNuke.swift */,
				930F91752CAF1B9B003D3C9A /* WordlerGet.swift */,
			);
			path = Commands;
			sourceTree = "<group>";
		};
		93DF764B27973B90001234EC /* WordlerTests */ = {
			isa = PBXGroup;
			children = (
				9336BA5B2E7E3E4700A252A0 /* ConsoleViewTestCase.swift */,
				93DF764C27973B90001234EC /* WordlerTests.swift */,
				93CB47FF2799FD0400A5CD8F /* Configs.swift */,
			);
			path = WordlerTests;
			sourceTree = "<group>";
		};
/* End PBXGroup section */

/* Begin PBXNativeTarget section */
		930C2BFA278E27E7009B111C /* Wordler */ = {
			isa = PBXNativeTarget;
			buildConfigurationList = 930C2C0F278E27E9009B111C /* Build configuration list for PBXNativeTarget "Wordler" */;
			buildPhases = (
				930C2BF7278E27E7009B111C /* Sources */,
				930C2BF8278E27E7009B111C /* Frameworks */,
				930C2BF9278E27E7009B111C /* Resources */,
				930C2C32278EAD19009B111C /* Embed Frameworks */,
			);
			buildRules = (
			);
			dependencies = (
			);
			name = Wordler;
			packageProductDependencies = (
				93CEF95D28E83F6E009C1A07 /* APNUtil */,
				93DEECFA2C5343AB00473587 /* ConsoleView */,
			);
			productName = WordleCracker;
			productReference = 930C2BFB278E27E7009B111C /* Wordler.app */;
			productType = "com.apple.product-type.application";
		};
		93DF764927973B90001234EC /* WordlerTests */ = {
			isa = PBXNativeTarget;
			buildConfigurationList = 93DF765427973B90001234EC /* Build configuration list for PBXNativeTarget "WordlerTests" */;
			buildPhases = (
				93DF764627973B90001234EC /* Sources */,
				93DF764727973B90001234EC /* Frameworks */,
				93DF764827973B90001234EC /* Resources */,
			);
			buildRules = (
			);
			dependencies = (
				93DF764F27973B90001234EC /* PBXTargetDependency */,
			);
			name = WordlerTests;
			productName = WordlerTests;
			productReference = 93DF764A27973B90001234EC /* WordlerTests.xctest */;
			productType = "com.apple.product-type.bundle.unit-test";
		};
/* End PBXNativeTarget section */

/* Begin PBXProject section */
		930C2BF3278E27E7009B111C /* Project object */ = {
			isa = PBXProject;
			attributes = {
				BuildIndependentTargetsInParallel = 1;
				LastSwiftUpdateCheck = 1300;
				LastUpgradeCheck = 1600;
				TargetAttributes = {
					930C2BFA278E27E7009B111C = {
						CreatedOnToolsVersion = 13.0;
					};
					93DF764927973B90001234EC = {
						CreatedOnToolsVersion = 13.0;
						TestTargetID = 930C2BFA278E27E7009B111C;
					};
				};
			};
			buildConfigurationList = 930C2BF6278E27E7009B111C /* Build configuration list for PBXProject "Wordler" */;
			compatibilityVersion = "Xcode 13.0";
			developmentRegion = en;
			hasScannedForEncodings = 0;
			knownRegions = (
				en,
				Base,
			);
			mainGroup = 930C2BF2278E27E7009B111C;
			packageReferences = (
				93DEECF92C5343AB00473587 /* XCRemoteSwiftPackageReference "ConsoleView" */,
			);
			productRefGroup = 930C2BFC278E27E7009B111C /* Products */;
			projectDirPath = "";
			projectRoot = "";
			targets = (
				930C2BFA278E27E7009B111C /* Wordler */,
				93DF764927973B90001234EC /* WordlerTests */,
			);
		};
/* End PBXProject section */

/* Begin PBXResourcesBuildPhase section */
		930C2BF9278E27E7009B111C /* Resources */ = {
			isa = PBXResourcesBuildPhase;
			buildActionMask = 2147483647;
			files = (
				9344DE332A7C2D1700E4D8CE /* ProgressIndicator.xib in Resources */,
				930C2C24278E3375009B111C /* words.wordle.txt in Resources */,
				930C2C0B278E27E9009B111C /* LaunchScreen.storyboard in Resources */,
				930C2C08278E27E9009B111C /* Assets.xcassets in Resources */,
				930C2C06278E27E7009B111C /* Main.storyboard in Resources */,
				93D882992BF033400087C924 /* words.wordle.remembered.answers.txt in Resources */,
			);
			runOnlyForDeploymentPostprocessing = 0;
		};
		93DF764827973B90001234EC /* Resources */ = {
			isa = PBXResourcesBuildPhase;
			buildActionMask = 2147483647;
			files = (
			);
			runOnlyForDeploymentPostprocessing = 0;
		};
/* End PBXResourcesBuildPhase section */

/* Begin PBXSourcesBuildPhase section */
		930C2BF7278E27E7009B111C /* Sources */ = {
			isa = PBXSourcesBuildPhase;
			buildActionMask = 2147483647;
			files = (
				93DF763A2790A9C8001234EC /* WordleButton.swift in Sources */,
				930F91762CAF1B9B003D3C9A /* WordlerGet.swift in Sources */,
				93DF7636278FDABD001234EC /* Configs.swift in Sources */,
				930C2C03278E27E7009B111C /* ViewController.swift in Sources */,
				9376B9C62BF5225200695BF7 /* Answer.swift in Sources */,
				93AF8B812D0CE4DC007BF3BD /* CommandOutput.swift in Sources */,
				93A1B9312CB73C9C007472B1 /* WordlerDict.swift in Sources */,
				930C2BFF278E27E7009B111C /* AppDelegate.swift in Sources */,
				9344DE352A7C2DE100E4D8CE /* ProgressIndicator.swift in Sources */,
				93A1B92B2CB10556007472B1 /* Argument.swift in Sources */,
				93DDF2072CA5EA7A005D3C3C /* WordlerAdd.swift in Sources */,
				9336BA602E7E3F7600A252A0 /* TODO.swift in Sources */,
				93D225CD2E83505400A1C4DB /* KeyboardResizeHandler.swift in Sources */,
				930C2C13278E28DE009B111C /* Solver.swift in Sources */,
				93DDF2092CA5EB7B005D3C3C /* WordlerLast.swift in Sources */,
				93DDF2112CA639E6005D3C3C /* WordlerNuke.swift in Sources */,
				93DDF20B2CA636B1005D3C3C /* WordlerRem.swift in Sources */,
				93DDF20D2CA6388A005D3C3C /* WordlerCSV.swift in Sources */,
				93AF8B832D0D81A1007BF3BD /* UIColor.swift in Sources */,
				93DDF2132CA63E8C005D3C3C /* WordlerConsoleConfigurator.swift in Sources */,
				93DDF20F2CA6393E005D3C3C /* WordlerDel.swift in Sources */,
				930C2C01278E27E7009B111C /* SceneDelegate.swift in Sources */,
				93DDF2052CA5E5FE005D3C3C /* WordlerRecap.swift in Sources */,
			);
			runOnlyForDeploymentPostprocessing = 0;
		};
		93DF764627973B90001234EC /* Sources */ = {
			isa = PBXSourcesBuildPhase;
			buildActionMask = 2147483647;
			files = (
				9336BA5C2E7E3E4700A252A0 /* ConsoleViewTestCase.swift in Sources */,
				93DF765B27974732001234EC /* WordlerTests.swift in Sources */,
				93CB48032799FD0700A5CD8F /* Configs.swift in Sources */,
			);
			runOnlyForDeploymentPostprocessing = 0;
		};
/* End PBXSourcesBuildPhase section */

/* Begin PBXTargetDependency section */
		93DF764F27973B90001234EC /* PBXTargetDependency */ = {
			isa = PBXTargetDependency;
			target = 930C2BFA278E27E7009B111C /* Wordler */;
			targetProxy = 93DF764E27973B90001234EC /* PBXContainerItemProxy */;
		};
/* End PBXTargetDependency section */

/* Begin PBXVariantGroup section */
		930C2C04278E27E7009B111C /* Main.storyboard */ = {
			isa = PBXVariantGroup;
			children = (
				930C2C05278E27E7009B111C /* Base */,
			);
			name = Main.storyboard;
			sourceTree = "<group>";
		};
		930C2C09278E27E9009B111C /* LaunchScreen.storyboard */ = {
			isa = PBXVariantGroup;
			children = (
				930C2C0A278E27E9009B111C /* Base */,
			);
			name = LaunchScreen.storyboard;
			sourceTree = "<group>";
		};
/* End PBXVariantGroup section */

/* Begin XCBuildConfiguration section */
		930C2C0D278E27E9009B111C /* Debug */ = {
			isa = XCBuildConfiguration;
			buildSettings = {
				ALWAYS_SEARCH_USER_PATHS = NO;
				CLANG_ANALYZER_NONNULL = YES;
				CLANG_ANALYZER_NUMBER_OBJECT_CONVERSION = YES_AGGRESSIVE;
				CLANG_CXX_LANGUAGE_STANDARD = "gnu++17";
				CLANG_CXX_LIBRARY = "libc++";
				CLANG_ENABLE_MODULES = YES;
				CLANG_ENABLE_OBJC_ARC = YES;
				CLANG_ENABLE_OBJC_WEAK = YES;
				CLANG_WARN_BLOCK_CAPTURE_AUTORELEASING = YES;
				CLANG_WARN_BOOL_CONVERSION = YES;
				CLANG_WARN_COMMA = YES;
				CLANG_WARN_CONSTANT_CONVERSION = YES;
				CLANG_WARN_DEPRECATED_OBJC_IMPLEMENTATIONS = YES;
				CLANG_WARN_DIRECT_OBJC_ISA_USAGE = YES_ERROR;
				CLANG_WARN_DOCUMENTATION_COMMENTS = YES;
				CLANG_WARN_EMPTY_BODY = YES;
				CLANG_WARN_ENUM_CONVERSION = YES;
				CLANG_WARN_INFINITE_RECURSION = YES;
				CLANG_WARN_INT_CONVERSION = YES;
				CLANG_WARN_NON_LITERAL_NULL_CONVERSION = YES;
				CLANG_WARN_OBJC_IMPLICIT_RETAIN_SELF = YES;
				CLANG_WARN_OBJC_LITERAL_CONVERSION = YES;
				CLANG_WARN_OBJC_ROOT_CLASS = YES_ERROR;
				CLANG_WARN_QUOTED_INCLUDE_IN_FRAMEWORK_HEADER = YES;
				CLANG_WARN_RANGE_LOOP_ANALYSIS = YES;
				CLANG_WARN_STRICT_PROTOTYPES = YES;
				CLANG_WARN_SUSPICIOUS_MOVE = YES;
				CLANG_WARN_UNGUARDED_AVAILABILITY = YES_AGGRESSIVE;
				CLANG_WARN_UNREACHABLE_CODE = YES;
				CLANG_WARN__DUPLICATE_METHOD_MATCH = YES;
				COPY_PHASE_STRIP = NO;
				DEBUG_INFORMATION_FORMAT = dwarf;
				ENABLE_STRICT_OBJC_MSGSEND = YES;
				ENABLE_TESTABILITY = YES;
				ENABLE_USER_SCRIPT_SANDBOXING = YES;
				GCC_C_LANGUAGE_STANDARD = gnu11;
				GCC_DYNAMIC_NO_PIC = NO;
				GCC_NO_COMMON_BLOCKS = YES;
				GCC_OPTIMIZATION_LEVEL = 0;
				GCC_PREPROCESSOR_DEFINITIONS = (
					"DEBUG=1",
					"$(inherited)",
				);
				GCC_WARN_64_TO_32_BIT_CONVERSION = YES;
				GCC_WARN_ABOUT_RETURN_TYPE = YES_ERROR;
				GCC_WARN_UNDECLARED_SELECTOR = YES;
				GCC_WARN_UNINITIALIZED_AUTOS = YES_AGGRESSIVE;
				GCC_WARN_UNUSED_FUNCTION = YES;
				GCC_WARN_UNUSED_VARIABLE = YES;
				IPHONEOS_DEPLOYMENT_TARGET = 15.0;
				MTL_ENABLE_DEBUG_INFO = INCLUDE_SOURCE;
				MTL_FAST_MATH = YES;
				ONLY_ACTIVE_ARCH = YES;
				SDKROOT = iphoneos;
				SWIFT_ACTIVE_COMPILATION_CONDITIONS = DEBUG;
				SWIFT_OPTIMIZATION_LEVEL = "-Onone";
			};
			name = Debug;
		};
		930C2C0E278E27E9009B111C /* Release */ = {
			isa = XCBuildConfiguration;
			buildSettings = {
				ALWAYS_SEARCH_USER_PATHS = NO;
				CLANG_ANALYZER_NONNULL = YES;
				CLANG_ANALYZER_NUMBER_OBJECT_CONVERSION = YES_AGGRESSIVE;
				CLANG_CXX_LANGUAGE_STANDARD = "gnu++17";
				CLANG_CXX_LIBRARY = "libc++";
				CLANG_ENABLE_MODULES = YES;
				CLANG_ENABLE_OBJC_ARC = YES;
				CLANG_ENABLE_OBJC_WEAK = YES;
				CLANG_WARN_BLOCK_CAPTURE_AUTORELEASING = YES;
				CLANG_WARN_BOOL_CONVERSION = YES;
				CLANG_WARN_COMMA = YES;
				CLANG_WARN_CONSTANT_CONVERSION = YES;
				CLANG_WARN_DEPRECATED_OBJC_IMPLEMENTATIONS = YES;
				CLANG_WARN_DIRECT_OBJC_ISA_USAGE = YES_ERROR;
				CLANG_WARN_DOCUMENTATION_COMMENTS = YES;
				CLANG_WARN_EMPTY_BODY = YES;
				CLANG_WARN_ENUM_CONVERSION = YES;
				CLANG_WARN_INFINITE_RECURSION = YES;
				CLANG_WARN_INT_CONVERSION = YES;
				CLANG_WARN_NON_LITERAL_NULL_CONVERSION = YES;
				CLANG_WARN_OBJC_IMPLICIT_RETAIN_SELF = YES;
				CLANG_WARN_OBJC_LITERAL_CONVERSION = YES;
				CLANG_WARN_OBJC_ROOT_CLASS = YES_ERROR;
				CLANG_WARN_QUOTED_INCLUDE_IN_FRAMEWORK_HEADER = YES;
				CLANG_WARN_RANGE_LOOP_ANALYSIS = YES;
				CLANG_WARN_STRICT_PROTOTYPES = YES;
				CLANG_WARN_SUSPICIOUS_MOVE = YES;
				CLANG_WARN_UNGUARDED_AVAILABILITY = YES_AGGRESSIVE;
				CLANG_WARN_UNREACHABLE_CODE = YES;
				CLANG_WARN__DUPLICATE_METHOD_MATCH = YES;
				COPY_PHASE_STRIP = NO;
				DEBUG_INFORMATION_FORMAT = "dwarf-with-dsym";
				ENABLE_NS_ASSERTIONS = NO;
				ENABLE_STRICT_OBJC_MSGSEND = YES;
				ENABLE_USER_SCRIPT_SANDBOXING = YES;
				GCC_C_LANGUAGE_STANDARD = gnu11;
				GCC_NO_COMMON_BLOCKS = YES;
				GCC_WARN_64_TO_32_BIT_CONVERSION = YES;
				GCC_WARN_ABOUT_RETURN_TYPE = YES_ERROR;
				GCC_WARN_UNDECLARED_SELECTOR = YES;
				GCC_WARN_UNINITIALIZED_AUTOS = YES_AGGRESSIVE;
				GCC_WARN_UNUSED_FUNCTION = YES;
				GCC_WARN_UNUSED_VARIABLE = YES;
				IPHONEOS_DEPLOYMENT_TARGET = 15.0;
				MTL_ENABLE_DEBUG_INFO = NO;
				MTL_FAST_MATH = YES;
				SDKROOT = iphoneos;
				SWIFT_COMPILATION_MODE = wholemodule;
				SWIFT_OPTIMIZATION_LEVEL = "-O";
				VALIDATE_PRODUCT = YES;
			};
			name = Release;
		};
		930C2C10278E27E9009B111C /* Debug */ = {
			isa = XCBuildConfiguration;
			buildSettings = {
				ASSETCATALOG_COMPILER_APPICON_NAME = AppIcon;
				ASSETCATALOG_COMPILER_GLOBAL_ACCENT_COLOR_NAME = AccentColor;
				CODE_SIGN_STYLE = Automatic;
				CURRENT_PROJECT_VERSION = 1;
				DEVELOPMENT_TEAM = 56S32J5CWV;
				GENERATE_INFOPLIST_FILE = YES;
				INFOPLIST_FILE = Wordler/Info.plist;
				INFOPLIST_KEY_CFBundleDisplayName = "Wordler v1.8.5";
				INFOPLIST_KEY_UIApplicationSupportsIndirectInputEvents = YES;
				INFOPLIST_KEY_UILaunchStoryboardName = LaunchScreen;
				INFOPLIST_KEY_UIMainStoryboardFile = Main;
				INFOPLIST_KEY_UISupportedInterfaceOrientations = UIInterfaceOrientationPortrait;
				INFOPLIST_KEY_UISupportedInterfaceOrientations_iPad = "UIInterfaceOrientationPortrait UIInterfaceOrientationPortraitUpsideDown UIInterfaceOrientationLandscapeLeft UIInterfaceOrientationLandscapeRight";
				INFOPLIST_KEY_UISupportedInterfaceOrientations_iPhone = UIInterfaceOrientationPortrait;
				LD_RUNPATH_SEARCH_PATHS = (
					"$(inherited)",
					"@executable_path/Frameworks",
				);
				MARKETING_VERSION = 1.8.5;
				PRODUCT_BUNDLE_IDENTIFIER = com.aaron.nance.Wordler1.6;
				PRODUCT_NAME = "$(TARGET_NAME)";
				SWIFT_EMIT_LOC_STRINGS = YES;
				SWIFT_VERSION = 5.0;
				TARGETED_DEVICE_FAMILY = 1;
			};
			name = Debug;
		};
		930C2C11278E27E9009B111C /* Release */ = {
			isa = XCBuildConfiguration;
			buildSettings = {
				ASSETCATALOG_COMPILER_APPICON_NAME = AppIcon;
				ASSETCATALOG_COMPILER_GLOBAL_ACCENT_COLOR_NAME = AccentColor;
				CODE_SIGN_STYLE = Automatic;
				CURRENT_PROJECT_VERSION = 1;
				DEVELOPMENT_TEAM = 56S32J5CWV;
				GENERATE_INFOPLIST_FILE = YES;
				INFOPLIST_FILE = Wordler/Info.plist;
				INFOPLIST_KEY_CFBundleDisplayName = "Wordler v1.8.5";
				INFOPLIST_KEY_UIApplicationSupportsIndirectInputEvents = YES;
				INFOPLIST_KEY_UILaunchStoryboardName = LaunchScreen;
				INFOPLIST_KEY_UIMainStoryboardFile = Main;
				INFOPLIST_KEY_UISupportedInterfaceOrientations = UIInterfaceOrientationPortrait;
				INFOPLIST_KEY_UISupportedInterfaceOrientations_iPad = "UIInterfaceOrientationPortrait UIInterfaceOrientationPortraitUpsideDown UIInterfaceOrientationLandscapeLeft UIInterfaceOrientationLandscapeRight";
				INFOPLIST_KEY_UISupportedInterfaceOrientations_iPhone = UIInterfaceOrientationPortrait;
				LD_RUNPATH_SEARCH_PATHS = (
					"$(inherited)",
					"@executable_path/Frameworks",
				);
				MARKETING_VERSION = 1.8.5;
				PRODUCT_BUNDLE_IDENTIFIER = com.aaron.nance.Wordler1.6;
				PRODUCT_NAME = "$(TARGET_NAME)";
				SWIFT_EMIT_LOC_STRINGS = YES;
				SWIFT_VERSION = 5.0;
				TARGETED_DEVICE_FAMILY = 1;
			};
			name = Release;
		};
		93DF765027973B90001234EC /* Debug */ = {
			isa = XCBuildConfiguration;
			buildSettings = {
				BUNDLE_LOADER = "$(TEST_HOST)";
				CODE_SIGN_STYLE = Automatic;
				CURRENT_PROJECT_VERSION = 1;
				DEVELOPMENT_TEAM = 56S32J5CWV;
				GENERATE_INFOPLIST_FILE = YES;
				LD_RUNPATH_SEARCH_PATHS = (
					"$(inherited)",
					"@executable_path/Frameworks",
					"@loader_path/Frameworks",
				);
				MARKETING_VERSION = 1.0;
				PRODUCT_BUNDLE_IDENTIFIER = com.aaron.nance.WordlerTests;
				PRODUCT_NAME = "$(TARGET_NAME)";
				SWIFT_EMIT_LOC_STRINGS = NO;
				SWIFT_VERSION = 5.0;
				TARGETED_DEVICE_FAMILY = "1,2";
				TEST_HOST = "$(BUILT_PRODUCTS_DIR)/Wordler.app/Wordler";
			};
			name = Debug;
		};
		93DF765127973B90001234EC /* Release */ = {
			isa = XCBuildConfiguration;
			buildSettings = {
				BUNDLE_LOADER = "$(TEST_HOST)";
				CODE_SIGN_STYLE = Automatic;
				CURRENT_PROJECT_VERSION = 1;
				DEVELOPMENT_TEAM = 56S32J5CWV;
				GENERATE_INFOPLIST_FILE = YES;
				LD_RUNPATH_SEARCH_PATHS = (
					"$(inherited)",
					"@executable_path/Frameworks",
					"@loader_path/Frameworks",
				);
				MARKETING_VERSION = 1.0;
				PRODUCT_BUNDLE_IDENTIFIER = com.aaron.nance.WordlerTests;
				PRODUCT_NAME = "$(TARGET_NAME)";
				SWIFT_EMIT_LOC_STRINGS = NO;
				SWIFT_VERSION = 5.0;
				TARGETED_DEVICE_FAMILY = "1,2";
				TEST_HOST = "$(BUILT_PRODUCTS_DIR)/Wordler.app/Wordler";
			};
			name = Release;
		};
/* End XCBuildConfiguration section */

/* Begin XCConfigurationList section */
		930C2BF6278E27E7009B111C /* Build configuration list for PBXProject "Wordler" */ = {
			isa = XCConfigurationList;
			buildConfigurations = (
				930C2C0D278E27E9009B111C /* Debug */,
				930C2C0E278E27E9009B111C /* Release */,
			);
			defaultConfigurationIsVisible = 0;
			defaultConfigurationName = Release;
		};
		930C2C0F278E27E9009B111C /* Build configuration list for PBXNativeTarget "Wordler" */ = {
			isa = XCConfigurationList;
			buildConfigurations = (
				930C2C10278E27E9009B111C /* Debug */,
				930C2C11278E27E9009B111C /* Release */,
			);
			defaultConfigurationIsVisible = 0;
			defaultConfigurationName = Release;
		};
		93DF765427973B90001234EC /* Build configuration list for PBXNativeTarget "WordlerTests" */ = {
			isa = XCConfigurationList;
			buildConfigurations = (
				93DF765027973B90001234EC /* Debug */,
				93DF765127973B90001234EC /* Release */,
			);
			defaultConfigurationIsVisible = 0;
			defaultConfigurationName = Release;
		};
/* End XCConfigurationList section */

/* Begin XCRemoteSwiftPackageReference section */
		93DEECF92C5343AB00473587 /* XCRemoteSwiftPackageReference "ConsoleView" */ = {
			isa = XCRemoteSwiftPackageReference;
			repositoryURL = "https://github.com/apnance/ConsoleView";
			requirement = {
				branch = main;
				kind = branch;
			};
		};
/* End XCRemoteSwiftPackageReference section */

/* Begin XCSwiftPackageProductDependency section */
		9336BA5D2E7E3E8C00A252A0 /* FrameworkTestSupport */ = {
			isa = XCSwiftPackageProductDependency;
			package = 93DEECF92C5343AB00473587 /* XCRemoteSwiftPackageReference "ConsoleView" */;
			productName = FrameworkTestSupport;
		};
		93CEF95D28E83F6E009C1A07 /* APNUtil */ = {
			isa = XCSwiftPackageProductDependency;
			productName = APNUtil;
		};
		93DEECFA2C5343AB00473587 /* ConsoleView */ = {
			isa = XCSwiftPackageProductDependency;
			package = 93DEECF92C5343AB00473587 /* XCRemoteSwiftPackageReference "ConsoleView" */;
			productName = ConsoleView;
		};
/* End XCSwiftPackageProductDependency section */
	};
	rootObject = 930C2BF3278E27E7009B111C /* Project object */;
}
