// !$*UTF8*$!
{
	archiveVersion = 1;
	classes = {
	};
	objectVersion = 55;
	objects = {

/* Begin PBXBuildFile section */
		930C2BFF278E27E7009B111C /* AppDelegate.swift in Sources */ = {isa = PBXBuildFile; fileRef = 930C2BFE278E27E7009B111C /* AppDelegate.swift */; };
		930C2C01278E27E7009B111C /* SceneDelegate.swift in Sources */ = {isa = PBXBuildFile; fileRef = 930C2C00278E27E7009B111C /* SceneDelegate.swift */; };
		930C2C03278E27E7009B111C /* ViewController.swift in Sources */ = {isa = PBXBuildFile; fileRef = 930C2C02278E27E7009B111C /* ViewController.swift */; };
		930C2C06278E27E7009B111C /* Main.storyboard in Resources */ = {isa = PBXBuildFile; fileRef = 930C2C04278E27E7009B111C /* Main.storyboard */; };
		930C2C08278E27E9009B111C /* Assets.xcassets in Resources */ = {isa = PBXBuildFile; fileRef = 930C2C07278E27E9009B111C /* Assets.xcassets */; };
		930C2C0B278E27E9009B111C /* LaunchScreen.storyboard in Resources */ = {isa = PBXBuildFile; fileRef = 930C2C09278E27E9009B111C /* LaunchScreen.storyboard */; };
		930C2C13278E28DE009B111C /* Solver.swift in Sources */ = {isa = PBXBuildFile; fileRef = 930C2C12278E28DE009B111C /* Solver.swift */; };
		930C2C24278E3375009B111C /* words.wordle.txt in Resources */ = {isa = PBXBuildFile; fileRef = 930C2C23278E3375009B111C /* words.wordle.txt */; };
		930C2C30278EAD19009B111C /* APNUtils.framework in Frameworks */ = {isa = PBXBuildFile; fileRef = 930C2C2C278EAD0E009B111C /* APNUtils.framework */; };
		930C2C31278EAD19009B111C /* APNUtils.framework in Embed Frameworks */ = {isa = PBXBuildFile; fileRef = 930C2C2C278EAD0E009B111C /* APNUtils.framework */; settings = {ATTRIBUTES = (CodeSignOnCopy, RemoveHeadersOnCopy, ); }; };
		93CB48032799FD0700A5CD8F /* Configs.swift in Sources */ = {isa = PBXBuildFile; fileRef = 93CB47FF2799FD0400A5CD8F /* Configs.swift */; };
		93DF7636278FDABD001234EC /* Configs.swift in Sources */ = {isa = PBXBuildFile; fileRef = 93DF7635278FDABD001234EC /* Configs.swift */; };
		93DF763A2790A9C8001234EC /* WordleButton.swift in Sources */ = {isa = PBXBuildFile; fileRef = 93DF76392790A9C8001234EC /* WordleButton.swift */; };
		93DF765B27974732001234EC /* WordlerTests.swift in Sources */ = {isa = PBXBuildFile; fileRef = 93DF764C27973B90001234EC /* WordlerTests.swift */; };
/* End PBXBuildFile section */

/* Begin PBXContainerItemProxy section */
		930C2C2B278EAD0E009B111C /* PBXContainerItemProxy */ = {
			isa = PBXContainerItemProxy;
			containerPortal = 930C2C26278EAD0E009B111C /* APNUtils.xcodeproj */;
			proxyType = 2;
			remoteGlobalIDString = 933B80CD233AB3380060A850;
			remoteInfo = APNUtils;
		};
		930C2C2D278EAD0E009B111C /* PBXContainerItemProxy */ = {
			isa = PBXContainerItemProxy;
			containerPortal = 930C2C26278EAD0E009B111C /* APNUtils.xcodeproj */;
			proxyType = 2;
			remoteGlobalIDString = 933B80CE233AB3380060A850;
			remoteInfo = APNUtilsTests;
		};
		93DF764E27973B90001234EC /* PBXContainerItemProxy */ = {
			isa = PBXContainerItemProxy;
			containerPortal = 930C2BF3278E27E7009B111C /* Project object */;
			proxyType = 1;
			remoteGlobalIDString = 930C2BFA278E27E7009B111C;
			remoteInfo = Wordler;
		};
/* End PBXContainerItemProxy section */

/* Begin PBXCopyFilesBuildPhase section */
		930C2C32278EAD19009B111C /* Embed Frameworks */ = {
			isa = PBXCopyFilesBuildPhase;
			buildActionMask = 2147483647;
			dstPath = "";
			dstSubfolderSpec = 10;
			files = (
				930C2C31278EAD19009B111C /* APNUtils.framework in Embed Frameworks */,
			);
			name = "Embed Frameworks";
			runOnlyForDeploymentPostprocessing = 0;
		};
/* End PBXCopyFilesBuildPhase section */

/* Begin PBXFileReference section */
		930C2BFB278E27E7009B111C /* Wordler.app */ = {isa = PBXFileReference; explicitFileType = wrapper.application; includeInIndex = 0; path = Wordler.app; sourceTree = BUILT_PRODUCTS_DIR; };
		930C2BFE278E27E7009B111C /* AppDelegate.swift */ = {isa = PBXFileReference; lastKnownFileType = sourcecode.swift; path = AppDelegate.swift; sourceTree = "<group>"; };
		930C2C00278E27E7009B111C /* SceneDelegate.swift */ = {isa = PBXFileReference; lastKnownFileType = sourcecode.swift; path = SceneDelegate.swift; sourceTree = "<group>"; };
		930C2C02278E27E7009B111C /* ViewController.swift */ = {isa = PBXFileReference; lastKnownFileType = sourcecode.swift; path = ViewController.swift; sourceTree = "<group>"; };
		930C2C05278E27E7009B111C /* Base */ = {isa = PBXFileReference; lastKnownFileType = file.storyboard; name = Base; path = Base.lproj/Main.storyboard; sourceTree = "<group>"; };
		930C2C07278E27E9009B111C /* Assets.xcassets */ = {isa = PBXFileReference; lastKnownFileType = folder.assetcatalog; path = Assets.xcassets; sourceTree = "<group>"; };
		930C2C0A278E27E9009B111C /* Base */ = {isa = PBXFileReference; lastKnownFileType = file.storyboard; name = Base; path = Base.lproj/LaunchScreen.storyboard; sourceTree = "<group>"; };
		930C2C0C278E27E9009B111C /* Info.plist */ = {isa = PBXFileReference; lastKnownFileType = text.plist.xml; path = Info.plist; sourceTree = "<group>"; };
		930C2C12278E28DE009B111C /* Solver.swift */ = {isa = PBXFileReference; lastKnownFileType = sourcecode.swift; path = Solver.swift; sourceTree = "<group>"; };
		930C2C23278E3375009B111C /* words.wordle.txt */ = {isa = PBXFileReference; fileEncoding = 4; lastKnownFileType = text; path = words.wordle.txt; sourceTree = "<group>"; };
		930C2C26278EAD0E009B111C /* APNUtils.xcodeproj */ = {isa = PBXFileReference; lastKnownFileType = "wrapper.pb-project"; name = APNUtils.xcodeproj; path = ../Frameworks/APNUtils/APNUtils.xcodeproj; sourceTree = "<group>"; };
		93CB47FF2799FD0400A5CD8F /* Configs.swift */ = {isa = PBXFileReference; fileEncoding = 4; lastKnownFileType = sourcecode.swift; path = Configs.swift; sourceTree = "<group>"; };
		93DF7635278FDABD001234EC /* Configs.swift */ = {isa = PBXFileReference; lastKnownFileType = sourcecode.swift; path = Configs.swift; sourceTree = "<group>"; };
		93DF76392790A9C8001234EC /* WordleButton.swift */ = {isa = PBXFileReference; lastKnownFileType = sourcecode.swift; path = WordleButton.swift; sourceTree = "<group>"; };
		93DF764A27973B90001234EC /* WordlerTests.xctest */ = {isa = PBXFileReference; explicitFileType = wrapper.cfbundle; includeInIndex = 0; path = WordlerTests.xctest; sourceTree = BUILT_PRODUCTS_DIR; };
		93DF764C27973B90001234EC /* WordlerTests.swift */ = {isa = PBXFileReference; lastKnownFileType = sourcecode.swift; path = WordlerTests.swift; sourceTree = "<group>"; };
/* End PBXFileReference section */

/* Begin PBXFrameworksBuildPhase section */
		930C2BF8278E27E7009B111C /* Frameworks */ = {
			isa = PBXFrameworksBuildPhase;
			buildActionMask = 2147483647;
			files = (
				930C2C30278EAD19009B111C /* APNUtils.framework in Frameworks */,
			);
			runOnlyForDeploymentPostprocessing = 0;
		};
		93DF764727973B90001234EC /* Frameworks */ = {
			isa = PBXFrameworksBuildPhase;
			buildActionMask = 2147483647;
			files = (
			);
			runOnlyForDeploymentPostprocessing = 0;
		};
/* End PBXFrameworksBuildPhase section */

/* Begin PBXGroup section */
		930C2BF2278E27E7009B111C = {
			isa = PBXGroup;
			children = (
				930C2C26278EAD0E009B111C /* APNUtils.xcodeproj */,
				930C2BFD278E27E7009B111C /* Wordler */,
				93DF764B27973B90001234EC /* WordlerTests */,
				930C2BFC278E27E7009B111C /* Products */,
				930C2C2F278EAD19009B111C /* Frameworks */,
			);
			sourceTree = "<group>";
		};
		930C2BFC278E27E7009B111C /* Products */ = {
			isa = PBXGroup;
			children = (
				930C2BFB278E27E7009B111C /* Wordler.app */,
				93DF764A27973B90001234EC /* WordlerTests.xctest */,
			);
			name = Products;
			sourceTree = "<group>";
		};
		930C2BFD278E27E7009B111C /* Wordler */ = {
			isa = PBXGroup;
			children = (
				930C2C16278E28F3009B111C /* M */,
				930C2C15278E28EB009B111C /* V */,
				930C2C14278E28E5009B111C /* C */,
				930C2C17278E2906009B111C /* Resources */,
			);
			path = Wordler;
			sourceTree = "<group>";
		};
		930C2C14278E28E5009B111C /* C */ = {
			isa = PBXGroup;
			children = (
				93CB48042799FF1B00A5CD8F /* iOS */,
				930C2C12278E28DE009B111C /* Solver.swift */,
			);
			name = C;
			sourceTree = "<group>";
		};
		930C2C15278E28EB009B111C /* V */ = {
			isa = PBXGroup;
			children = (
				93CB48062799FF4900A5CD8F /* iOS */,
				93DF76392790A9C8001234EC /* WordleButton.swift */,
			);
			name = V;
			sourceTree = "<group>";
		};
		930C2C16278E28F3009B111C /* M */ = {
			isa = PBXGroup;
			children = (
			);
			name = M;
			sourceTree = "<group>";
		};
		930C2C17278E2906009B111C /* Resources */ = {
			isa = PBXGroup;
			children = (
				93CB48052799FF3300A5CD8F /* iOS */,
				930C2C23278E3375009B111C /* words.wordle.txt */,
				930C2C07278E27E9009B111C /* Assets.xcassets */,
				93DF7635278FDABD001234EC /* Configs.swift */,
			);
			name = Resources;
			sourceTree = "<group>";
		};
		930C2C27278EAD0E009B111C /* Products */ = {
			isa = PBXGroup;
			children = (
				930C2C2C278EAD0E009B111C /* APNUtils.framework */,
				930C2C2E278EAD0E009B111C /* APNUtilsTests.xctest */,
			);
			name = Products;
			sourceTree = "<group>";
		};
		930C2C2F278EAD19009B111C /* Frameworks */ = {
			isa = PBXGroup;
			children = (
			);
			name = Frameworks;
			sourceTree = "<group>";
		};
		93CB48042799FF1B00A5CD8F /* iOS */ = {
			isa = PBXGroup;
			children = (
				930C2BFE278E27E7009B111C /* AppDelegate.swift */,
				930C2C00278E27E7009B111C /* SceneDelegate.swift */,
				930C2C02278E27E7009B111C /* ViewController.swift */,
			);
			name = iOS;
			sourceTree = "<group>";
		};
		93CB48052799FF3300A5CD8F /* iOS */ = {
			isa = PBXGroup;
			children = (
				930C2C0C278E27E9009B111C /* Info.plist */,
			);
			name = iOS;
			sourceTree = "<group>";
		};
		93CB48062799FF4900A5CD8F /* iOS */ = {
			isa = PBXGroup;
			children = (
				930C2C04278E27E7009B111C /* Main.storyboard */,
				930C2C09278E27E9009B111C /* LaunchScreen.storyboard */,
			);
			name = iOS;
			sourceTree = "<group>";
		};
		93DF764B27973B90001234EC /* WordlerTests */ = {
			isa = PBXGroup;
			children = (
				93DF764C27973B90001234EC /* WordlerTests.swift */,
				93CB47FF2799FD0400A5CD8F /* Configs.swift */,
			);
			path = WordlerTests;
			sourceTree = "<group>";
		};
/* End PBXGroup section */

/* Begin PBXNativeTarget section */
		930C2BFA278E27E7009B111C /* Wordler */ = {
			isa = PBXNativeTarget;
			buildConfigurationList = 930C2C0F278E27E9009B111C /* Build configuration list for PBXNativeTarget "Wordler" */;
			buildPhases = (
				930C2BF7278E27E7009B111C /* Sources */,
				930C2BF8278E27E7009B111C /* Frameworks */,
				930C2BF9278E27E7009B111C /* Resources */,
				930C2C32278EAD19009B111C /* Embed Frameworks */,
			);
			buildRules = (
			);
			dependencies = (
			);
			name = Wordler;
			productName = WordleCracker;
			productReference = 930C2BFB278E27E7009B111C /* Wordler.app */;
			productType = "com.apple.product-type.application";
		};
		93DF764927973B90001234EC /* WordlerTests */ = {
			isa = PBXNativeTarget;
			buildConfigurationList = 93DF765427973B90001234EC /* Build configuration list for PBXNativeTarget "WordlerTests" */;
			buildPhases = (
				93DF764627973B90001234EC /* Sources */,
				93DF764727973B90001234EC /* Frameworks */,
				93DF764827973B90001234EC /* Resources */,
			);
			buildRules = (
			);
			dependencies = (
				93DF764F27973B90001234EC /* PBXTargetDependency */,
			);
			name = WordlerTests;
			productName = WordlerTests;
			productReference = 93DF764A27973B90001234EC /* WordlerTests.xctest */;
			productType = "com.apple.product-type.bundle.unit-test";
		};
/* End PBXNativeTarget section */

/* Begin PBXProject section */
		930C2BF3278E27E7009B111C /* Project object */ = {
			isa = PBXProject;
			attributes = {
				BuildIndependentTargetsInParallel = 1;
				LastSwiftUpdateCheck = 1300;
				LastUpgradeCheck = 1300;
				TargetAttributes = {
					930C2BFA278E27E7009B111C = {
						CreatedOnToolsVersion = 13.0;
					};
					93DF764927973B90001234EC = {
						CreatedOnToolsVersion = 13.0;
						TestTargetID = 930C2BFA278E27E7009B111C;
					};
				};
			};
			buildConfigurationList = 930C2BF6278E27E7009B111C /* Build configuration list for PBXProject "Wordler" */;
			compatibilityVersion = "Xcode 13.0";
			developmentRegion = en;
			hasScannedForEncodings = 0;
			knownRegions = (
				en,
				Base,
			);
			mainGroup = 930C2BF2278E27E7009B111C;
			productRefGroup = 930C2BFC278E27E7009B111C /* Products */;
			projectDirPath = "";
			projectReferences = (
				{
					ProductGroup = 930C2C27278EAD0E009B111C /* Products */;
					ProjectRef = 930C2C26278EAD0E009B111C /* APNUtils.xcodeproj */;
				},
			);
			projectRoot = "";
			targets = (
				930C2BFA278E27E7009B111C /* Wordler */,
				93DF764927973B90001234EC /* WordlerTests */,
			);
		};
/* End PBXProject section */

/* Begin PBXReferenceProxy section */
		930C2C2C278EAD0E009B111C /* APNUtils.framework */ = {
			isa = PBXReferenceProxy;
			fileType = wrapper.framework;
			path = APNUtils.framework;
			remoteRef = 930C2C2B278EAD0E009B111C /* PBXContainerItemProxy */;
			sourceTree = BUILT_PRODUCTS_DIR;
		};
		930C2C2E278EAD0E009B111C /* APNUtilsTests.xctest */ = {
			isa = PBXReferenceProxy;
			fileType = wrapper.cfbundle;
			path = APNUtilsTests.xctest;
			remoteRef = 930C2C2D278EAD0E009B111C /* PBXContainerItemProxy */;
			sourceTree = BUILT_PRODUCTS_DIR;
		};
/* End PBXReferenceProxy section */

/* Begin PBXResourcesBuildPhase section */
		930C2BF9278E27E7009B111C /* Resources */ = {
			isa = PBXResourcesBuildPhase;
			buildActionMask = 2147483647;
			files = (
				930C2C24278E3375009B111C /* words.wordle.txt in Resources */,
				930C2C0B278E27E9009B111C /* LaunchScreen.storyboard in Resources */,
				930C2C08278E27E9009B111C /* Assets.xcassets in Resources */,
				930C2C06278E27E7009B111C /* Main.storyboard in Resources */,
			);
			runOnlyForDeploymentPostprocessing = 0;
		};
		93DF764827973B90001234EC /* Resources */ = {
			isa = PBXResourcesBuildPhase;
			buildActionMask = 2147483647;
			files = (
			);
			runOnlyForDeploymentPostprocessing = 0;
		};
/* End PBXResourcesBuildPhase section */

/* Begin PBXSourcesBuildPhase section */
		930C2BF7278E27E7009B111C /* Sources */ = {
			isa = PBXSourcesBuildPhase;
			buildActionMask = 2147483647;
			files = (
				93DF763A2790A9C8001234EC /* WordleButton.swift in Sources */,
				93DF7636278FDABD001234EC /* Configs.swift in Sources */,
				930C2C03278E27E7009B111C /* ViewController.swift in Sources */,
				930C2BFF278E27E7009B111C /* AppDelegate.swift in Sources */,
				930C2C13278E28DE009B111C /* Solver.swift in Sources */,
				930C2C01278E27E7009B111C /* SceneDelegate.swift in Sources */,
			);
			runOnlyForDeploymentPostprocessing = 0;
		};
		93DF764627973B90001234EC /* Sources */ = {
			isa = PBXSourcesBuildPhase;
			buildActionMask = 2147483647;
			files = (
				93DF765B27974732001234EC /* WordlerTests.swift in Sources */,
				93CB48032799FD0700A5CD8F /* Configs.swift in Sources */,
			);
			runOnlyForDeploymentPostprocessing = 0;
		};
/* End PBXSourcesBuildPhase section */

/* Begin PBXTargetDependency section */
		93DF764F27973B90001234EC /* PBXTargetDependency */ = {
			isa = PBXTargetDependency;
			target = 930C2BFA278E27E7009B111C /* Wordler */;
			targetProxy = 93DF764E27973B90001234EC /* PBXContainerItemProxy */;
		};
/* End PBXTargetDependency section */

/* Begin PBXVariantGroup section */
		930C2C04278E27E7009B111C /* Main.storyboard */ = {
			isa = PBXVariantGroup;
			children = (
				930C2C05278E27E7009B111C /* Base */,
			);
			name = Main.storyboard;
			sourceTree = "<group>";
		};
		930C2C09278E27E9009B111C /* LaunchScreen.storyboard */ = {
			isa = PBXVariantGroup;
			children = (
				930C2C0A278E27E9009B111C /* Base */,
			);
			name = LaunchScreen.storyboard;
			sourceTree = "<group>";
		};
/* End PBXVariantGroup section */

/* Begin XCBuildConfiguration section */
		930C2C0D278E27E9009B111C /* Debug */ = {
			isa = XCBuildConfiguration;
			buildSettings = {
				ALWAYS_SEARCH_USER_PATHS = NO;
				CLANG_ANALYZER_NONNULL = YES;
				CLANG_ANALYZER_NUMBER_OBJECT_CONVERSION = YES_AGGRESSIVE;
				CLANG_CXX_LANGUAGE_STANDARD = "gnu++17";
				CLANG_CXX_LIBRARY = "libc++";
				CLANG_ENABLE_MODULES = YES;
				CLANG_ENABLE_OBJC_ARC = YES;
				CLANG_ENABLE_OBJC_WEAK = YES;
				CLANG_WARN_BLOCK_CAPTURE_AUTORELEASING = YES;
				CLANG_WARN_BOOL_CONVERSION = YES;
				CLANG_WARN_COMMA = YES;
				CLANG_WARN_CONSTANT_CONVERSION = YES;
				CLANG_WARN_DEPRECATED_OBJC_IMPLEMENTATIONS = YES;
				CLANG_WARN_DIRECT_OBJC_ISA_USAGE = YES_ERROR;
				CLANG_WARN_DOCUMENTATION_COMMENTS = YES;
				CLANG_WARN_EMPTY_BODY = YES;
				CLANG_WARN_ENUM_CONVERSION = YES;
				CLANG_WARN_INFINITE_RECURSION = YES;
				CLANG_WARN_INT_CONVERSION = YES;
				CLANG_WARN_NON_LITERAL_NULL_CONVERSION = YES;
				CLANG_WARN_OBJC_IMPLICIT_RETAIN_SELF = YES;
				CLANG_WARN_OBJC_LITERAL_CONVERSION = YES;
				CLANG_WARN_OBJC_ROOT_CLASS = YES_ERROR;
				CLANG_WARN_QUOTED_INCLUDE_IN_FRAMEWORK_HEADER = YES;
				CLANG_WARN_RANGE_LOOP_ANALYSIS = YES;
				CLANG_WARN_STRICT_PROTOTYPES = YES;
				CLANG_WARN_SUSPICIOUS_MOVE = YES;
				CLANG_WARN_UNGUARDED_AVAILABILITY = YES_AGGRESSIVE;
				CLANG_WARN_UNREACHABLE_CODE = YES;
				CLANG_WARN__DUPLICATE_METHOD_MATCH = YES;
				COPY_PHASE_STRIP = NO;
				DEBUG_INFORMATION_FORMAT = dwarf;
				ENABLE_STRICT_OBJC_MSGSEND = YES;
				ENABLE_TESTABILITY = YES;
				GCC_C_LANGUAGE_STANDARD = gnu11;
				GCC_DYNAMIC_NO_PIC = NO;
				GCC_NO_COMMON_BLOCKS = YES;
				GCC_OPTIMIZATION_LEVEL = 0;
				GCC_PREPROCESSOR_DEFINITIONS = (
					"DEBUG=1",
					"$(inherited)",
				);
				GCC_WARN_64_TO_32_BIT_CONVERSION = YES;
				GCC_WARN_ABOUT_RETURN_TYPE = YES_ERROR;
				GCC_WARN_UNDECLARED_SELECTOR = YES;
				GCC_WARN_UNINITIALIZED_AUTOS = YES_AGGRESSIVE;
				GCC_WARN_UNUSED_FUNCTION = YES;
				GCC_WARN_UNUSED_VARIABLE = YES;
				IPHONEOS_DEPLOYMENT_TARGET = 15.0;
				MTL_ENABLE_DEBUG_INFO = INCLUDE_SOURCE;
				MTL_FAST_MATH = YES;
				ONLY_ACTIVE_ARCH = YES;
				SDKROOT = iphoneos;
				SWIFT_ACTIVE_COMPILATION_CONDITIONS = DEBUG;
				SWIFT_OPTIMIZATION_LEVEL = "-Onone";
			};
			name = Debug;
		};
		930C2C0E278E27E9009B111C /* Release */ = {
			isa = XCBuildConfiguration;
			buildSettings = {
				ALWAYS_SEARCH_USER_PATHS = NO;
				CLANG_ANALYZER_NONNULL = YES;
				CLANG_ANALYZER_NUMBER_OBJECT_CONVERSION = YES_AGGRESSIVE;
				CLANG_CXX_LANGUAGE_STANDARD = "gnu++17";
				CLANG_CXX_LIBRARY = "libc++";
				CLANG_ENABLE_MODULES = YES;
				CLANG_ENABLE_OBJC_ARC = YES;
				CLANG_ENABLE_OBJC_WEAK = YES;
				CLANG_WARN_BLOCK_CAPTURE_AUTORELEASING = YES;
				CLANG_WARN_BOOL_CONVERSION = YES;
				CLANG_WARN_COMMA = YES;
				CLANG_WARN_CONSTANT_CONVERSION = YES;
				CLANG_WARN_DEPRECATED_OBJC_IMPLEMENTATIONS = YES;
				CLANG_WARN_DIRECT_OBJC_ISA_USAGE = YES_ERROR;
				CLANG_WARN_DOCUMENTATION_COMMENTS = YES;
				CLANG_WARN_EMPTY_BODY = YES;
				CLANG_WARN_ENUM_CONVERSION = YES;
				CLANG_WARN_INFINITE_RECURSION = YES;
				CLANG_WARN_INT_CONVERSION = YES;
				CLANG_WARN_NON_LITERAL_NULL_CONVERSION = YES;
				CLANG_WARN_OBJC_IMPLICIT_RETAIN_SELF = YES;
				CLANG_WARN_OBJC_LITERAL_CONVERSION = YES;
				CLANG_WARN_OBJC_ROOT_CLASS = YES_ERROR;
				CLANG_WARN_QUOTED_INCLUDE_IN_FRAMEWORK_HEADER = YES;
				CLANG_WARN_RANGE_LOOP_ANALYSIS = YES;
				CLANG_WARN_STRICT_PROTOTYPES = YES;
				CLANG_WARN_SUSPICIOUS_MOVE = YES;
				CLANG_WARN_UNGUARDED_AVAILABILITY = YES_AGGRESSIVE;
				CLANG_WARN_UNREACHABLE_CODE = YES;
				CLANG_WARN__DUPLICATE_METHOD_MATCH = YES;
				COPY_PHASE_STRIP = NO;
				DEBUG_INFORMATION_FORMAT = "dwarf-with-dsym";
				ENABLE_NS_ASSERTIONS = NO;
				ENABLE_STRICT_OBJC_MSGSEND = YES;
				GCC_C_LANGUAGE_STANDARD = gnu11;
				GCC_NO_COMMON_BLOCKS = YES;
				GCC_WARN_64_TO_32_BIT_CONVERSION = YES;
				GCC_WARN_ABOUT_RETURN_TYPE = YES_ERROR;
				GCC_WARN_UNDECLARED_SELECTOR = YES;
				GCC_WARN_UNINITIALIZED_AUTOS = YES_AGGRESSIVE;
				GCC_WARN_UNUSED_FUNCTION = YES;
				GCC_WARN_UNUSED_VARIABLE = YES;
				IPHONEOS_DEPLOYMENT_TARGET = 15.0;
				MTL_ENABLE_DEBUG_INFO = NO;
				MTL_FAST_MATH = YES;
				SDKROOT = iphoneos;
				SWIFT_COMPILATION_MODE = wholemodule;
				SWIFT_OPTIMIZATION_LEVEL = "-O";
				VALIDATE_PRODUCT = YES;
			};
			name = Release;
		};
		930C2C10278E27E9009B111C /* Debug */ = {
			isa = XCBuildConfiguration;
			buildSettings = {
				ASSETCATALOG_COMPILER_APPICON_NAME = AppIcon;
				ASSETCATALOG_COMPILER_GLOBAL_ACCENT_COLOR_NAME = AccentColor;
				CODE_SIGN_STYLE = Automatic;
				CURRENT_PROJECT_VERSION = 1;
				DEVELOPMENT_TEAM = 56S32J5CWV;
				GENERATE_INFOPLIST_FILE = YES;
				INFOPLIST_FILE = Wordler/Info.plist;
				INFOPLIST_KEY_UIApplicationSupportsIndirectInputEvents = YES;
				INFOPLIST_KEY_UILaunchStoryboardName = LaunchScreen;
				INFOPLIST_KEY_UIMainStoryboardFile = Main;
				INFOPLIST_KEY_UISupportedInterfaceOrientations_iPad = "UIInterfaceOrientationPortrait UIInterfaceOrientationPortraitUpsideDown UIInterfaceOrientationLandscapeLeft UIInterfaceOrientationLandscapeRight";
				INFOPLIST_KEY_UISupportedInterfaceOrientations_iPhone = "UIInterfaceOrientationPortrait UIInterfaceOrientationLandscapeLeft UIInterfaceOrientationLandscapeRight";
				LD_RUNPATH_SEARCH_PATHS = (
					"$(inherited)",
					"@executable_path/Frameworks",
				);
				MARKETING_VERSION = 1.0;
				PRODUCT_BUNDLE_IDENTIFIER = com.aaron.nance.Wordler;
				PRODUCT_NAME = "$(TARGET_NAME)";
				SWIFT_EMIT_LOC_STRINGS = YES;
				SWIFT_VERSION = 5.0;
				TARGETED_DEVICE_FAMILY = "1,2";
			};
			name = Debug;
		};
		930C2C11278E27E9009B111C /* Release */ = {
			isa = XCBuildConfiguration;
			buildSettings = {
				ASSETCATALOG_COMPILER_APPICON_NAME = AppIcon;
				ASSETCATALOG_COMPILER_GLOBAL_ACCENT_COLOR_NAME = AccentColor;
				CODE_SIGN_STYLE = Automatic;
				CURRENT_PROJECT_VERSION = 1;
				DEVELOPMENT_TEAM = 56S32J5CWV;
				GENERATE_INFOPLIST_FILE = YES;
				INFOPLIST_FILE = Wordler/Info.plist;
				INFOPLIST_KEY_UIApplicationSupportsIndirectInputEvents = YES;
				INFOPLIST_KEY_UILaunchStoryboardName = LaunchScreen;
				INFOPLIST_KEY_UIMainStoryboardFile = Main;
				INFOPLIST_KEY_UISupportedInterfaceOrientations_iPad = "UIInterfaceOrientationPortrait UIInterfaceOrientationPortraitUpsideDown UIInterfaceOrientationLandscapeLeft UIInterfaceOrientationLandscapeRight";
				INFOPLIST_KEY_UISupportedInterfaceOrientations_iPhone = "UIInterfaceOrientationPortrait UIInterfaceOrientationLandscapeLeft UIInterfaceOrientationLandscapeRight";
				LD_RUNPATH_SEARCH_PATHS = (
					"$(inherited)",
					"@executable_path/Frameworks",
				);
				MARKETING_VERSION = 1.0;
				PRODUCT_BUNDLE_IDENTIFIER = com.aaron.nance.Wordler;
				PRODUCT_NAME = "$(TARGET_NAME)";
				SWIFT_EMIT_LOC_STRINGS = YES;
				SWIFT_VERSION = 5.0;
				TARGETED_DEVICE_FAMILY = "1,2";
			};
			name = Release;
		};
		93DF765027973B90001234EC /* Debug */ = {
			isa = XCBuildConfiguration;
			buildSettings = {
				BUNDLE_LOADER = "$(TEST_HOST)";
				CODE_SIGN_STYLE = Automatic;
				CURRENT_PROJECT_VERSION = 1;
				DEVELOPMENT_TEAM = 56S32J5CWV;
				GENERATE_INFOPLIST_FILE = YES;
				LD_RUNPATH_SEARCH_PATHS = (
					"$(inherited)",
					"@executable_path/Frameworks",
					"@loader_path/Frameworks",
				);
				MARKETING_VERSION = 1.0;
				PRODUCT_BUNDLE_IDENTIFIER = com.aaron.nance.WordlerTests;
				PRODUCT_NAME = "$(TARGET_NAME)";
				SWIFT_EMIT_LOC_STRINGS = NO;
				SWIFT_VERSION = 5.0;
				TARGETED_DEVICE_FAMILY = "1,2";
				TEST_HOST = "$(BUILT_PRODUCTS_DIR)/Wordler.app/Wordler";
			};
			name = Debug;
		};
		93DF765127973B90001234EC /* Release */ = {
			isa = XCBuildConfiguration;
			buildSettings = {
				BUNDLE_LOADER = "$(TEST_HOST)";
				CODE_SIGN_STYLE = Automatic;
				CURRENT_PROJECT_VERSION = 1;
				DEVELOPMENT_TEAM = 56S32J5CWV;
				GENERATE_INFOPLIST_FILE = YES;
				LD_RUNPATH_SEARCH_PATHS = (
					"$(inherited)",
					"@executable_path/Frameworks",
					"@loader_path/Frameworks",
				);
				MARKETING_VERSION = 1.0;
				PRODUCT_BUNDLE_IDENTIFIER = com.aaron.nance.WordlerTests;
				PRODUCT_NAME = "$(TARGET_NAME)";
				SWIFT_EMIT_LOC_STRINGS = NO;
				SWIFT_VERSION = 5.0;
				TARGETED_DEVICE_FAMILY = "1,2";
				TEST_HOST = "$(BUILT_PRODUCTS_DIR)/Wordler.app/Wordler";
			};
			name = Release;
		};
/* End XCBuildConfiguration section */

/* Begin XCConfigurationList section */
		930C2BF6278E27E7009B111C /* Build configuration list for PBXProject "Wordler" */ = {
			isa = XCConfigurationList;
			buildConfigurations = (
				930C2C0D278E27E9009B111C /* Debug */,
				930C2C0E278E27E9009B111C /* Release */,
			);
			defaultConfigurationIsVisible = 0;
			defaultConfigurationName = Release;
		};
		930C2C0F278E27E9009B111C /* Build configuration list for PBXNativeTarget "Wordler" */ = {
			isa = XCConfigurationList;
			buildConfigurations = (
				930C2C10278E27E9009B111C /* Debug */,
				930C2C11278E27E9009B111C /* Release */,
			);
			defaultConfigurationIsVisible = 0;
			defaultConfigurationName = Release;
		};
		93DF765427973B90001234EC /* Build configuration list for PBXNativeTarget "WordlerTests" */ = {
			isa = XCConfigurationList;
			buildConfigurations = (
				93DF765027973B90001234EC /* Debug */,
				93DF765127973B90001234EC /* Release */,
			);
			defaultConfigurationIsVisible = 0;
			defaultConfigurationName = Release;
		};
/* End XCConfigurationList section */
	};
	rootObject = 930C2BF3278E27E7009B111C /* Project object */;
}
